
Microsoft Visual Studio Solution File, Format Version 12.00
# Visual Studio Version 16
VisualStudioVersion = 16.0.29709.97
MinimumVisualStudioVersion = 10.0.40219.1
Project("{FAE04EC0-301F-11D3-BF4B-00C04F79EFBC}") = "oop1", "oop1\oop1.csproj", "{50006021-4914-4331-984B-1C8A53745133}"
EndProject
Global
	GlobalSection(SolutionConfigurationPlatforms) = preSolution
		Debug|Any CPU = Debug|Any CPU
		Release|Any CPU = Release|Any CPU
	EndGlobalSection
	GlobalSection(ProjectConfigurationPlatforms) = postSolution
		{50006021-4914-4331-984B-1C8A53745133}.Debug|Any CPU.ActiveCfg = Debug|Any CPU
		{50006021-4914-4331-984B-1C8A53745133}.Debug|Any CPU.Build.0 = Debug|Any CPU
		{50006021-4914-4331-984B-1C8A53745133}.Release|Any CPU.ActiveCfg = Release|Any CPU
		{50006021-4914-4331-984B-1C8A53745133}.Release|Any CPU.Build.0 = Release|Any CPU
	EndGlobalSection
	GlobalSection(SolutionProperties) = preSolution
		HideSolutionNode = FALSE
	EndGlobalSection
	GlobalSection(ExtensibilityGlobals) = postSolution
		SolutionGuid = {881DC97D-668E-4DAE-AF27-28E55265C309}
	EndGlobalSection
EndGlobal
